
Microsoft Visual Studio Solution File, Format Version 12.00
# Visual Studio Version 17
VisualStudioVersion = 17.5.33424.131
MinimumVisualStudioVersion = 10.0.40219.1
Project("{9A19103F-16F7-4668-BE54-9A1E7A4F7556}") = "TycoonFactoryApp.Core.Tests", "TycoonFactoryApp.Core.Tests\TycoonFactoryApp.Core.Tests.csproj", "{32B40E27-FE3F-4686-8FB6-BEDBE8DCD0ED}"
EndProject
Project("{2150E333-8FDC-42A3-9474-1A3956D46DE8}") = "test", "test", "{AE28D5D3-FAA3-4056-972A-D94E4307778F}"
EndProject
Project("{2150E333-8FDC-42A3-9474-1A3956D46DE8}") = "src", "src", "{79E422FE-343A-44FC-8E65-FC71EC7B3DA5}"
EndProject
Project("{2150E333-8FDC-42A3-9474-1A3956D46DE8}") = "API", "API", "{5293FF09-AAAD-43BB-9B0C-E809674F21B7}"
EndProject
Project("{2150E333-8FDC-42A3-9474-1A3956D46DE8}") = "Core", "Core", "{AC619A8A-7F05-47A1-9604-60C484B9B819}"
EndProject
Project("{2150E333-8FDC-42A3-9474-1A3956D46DE8}") = "Infrastructure", "Infrastructure", "{3851C57B-1E92-43BB-921E-0F467C2DDF9D}"
EndProject
Project("{2150E333-8FDC-42A3-9474-1A3956D46DE8}") = "UI", "UI", "{CF7AD537-E650-4C8A-B7A4-13B525FA0463}"
EndProject
Project("{9A19103F-16F7-4668-BE54-9A1E7A4F7556}") = "TycoonFactoryApp.Core", "TycoonFactoryApp.Core\TycoonFactoryApp.Core.csproj", "{4F8B4171-4B9B-4999-9089-5F49B14892C1}"
EndProject
Project("{FAE04EC0-301F-11D3-BF4B-00C04F79EFBC}") = "TycoonFactoryApp.Domain", "TycoonFactoryApp.Domain\TycoonFactoryApp.Domain.csproj", "{ACC7D048-4858-4541-BCD2-32F1ED798420}"
EndProject
Project("{FAE04EC0-301F-11D3-BF4B-00C04F79EFBC}") = "TycoonFactoryApp.Persistence", "TycoonFactoryApp.Persistence\TycoonFactoryApp.Persistence.csproj", "{D7A13C3B-661F-4C23-836A-5D9D1CBAACC4}"
EndProject
Project("{FAE04EC0-301F-11D3-BF4B-00C04F79EFBC}") = "TycoonFactoryApp.Persistence.Tests", "TycoonFactoryApp.Persistence.Tests\TycoonFactoryApp.Persistence.Tests.csproj", "{594B62F0-9097-4FBF-9DA0-8EE7DF036BF8}"
EndProject
Project("{FAE04EC0-301F-11D3-BF4B-00C04F79EFBC}") = "TycoonFactoryApp.Api", "TycoonFactoryApp.Api\TycoonFactoryApp.Api.csproj", "{E1612AAB-6794-4171-9C6F-C1B422C19B7B}"
EndProject
Project("{FAE04EC0-301F-11D3-BF4B-00C04F79EFBC}") = "TycoonFactoryApp.Api.Test", "TycoonFactoryApp.Api.Test\TycoonFactoryApp.Api.Test.csproj", "{F8D96068-0ADA-4689-BE0B-CF7122742315}"
EndProject
Global
	GlobalSection(SolutionConfigurationPlatforms) = preSolution
		Debug|Any CPU = Debug|Any CPU
		Release|Any CPU = Release|Any CPU
	EndGlobalSection
	GlobalSection(ProjectConfigurationPlatforms) = postSolution
		{32B40E27-FE3F-4686-8FB6-BEDBE8DCD0ED}.Debug|Any CPU.ActiveCfg = Debug|Any CPU
		{32B40E27-FE3F-4686-8FB6-BEDBE8DCD0ED}.Debug|Any CPU.Build.0 = Debug|Any CPU
		{32B40E27-FE3F-4686-8FB6-BEDBE8DCD0ED}.Release|Any CPU.ActiveCfg = Release|Any CPU
		{32B40E27-FE3F-4686-8FB6-BEDBE8DCD0ED}.Release|Any CPU.Build.0 = Release|Any CPU
		{4F8B4171-4B9B-4999-9089-5F49B14892C1}.Debug|Any CPU.ActiveCfg = Debug|Any CPU
		{4F8B4171-4B9B-4999-9089-5F49B14892C1}.Debug|Any CPU.Build.0 = Debug|Any CPU
		{4F8B4171-4B9B-4999-9089-5F49B14892C1}.Release|Any CPU.ActiveCfg = Release|Any CPU
		{4F8B4171-4B9B-4999-9089-5F49B14892C1}.Release|Any CPU.Build.0 = Release|Any CPU
		{ACC7D048-4858-4541-BCD2-32F1ED798420}.Debug|Any CPU.ActiveCfg = Debug|Any CPU
		{ACC7D048-4858-4541-BCD2-32F1ED798420}.Debug|Any CPU.Build.0 = Debug|Any CPU
		{ACC7D048-4858-4541-BCD2-32F1ED798420}.Release|Any CPU.ActiveCfg = Release|Any CPU
		{ACC7D048-4858-4541-BCD2-32F1ED798420}.Release|Any CPU.Build.0 = Release|Any CPU
		{D7A13C3B-661F-4C23-836A-5D9D1CBAACC4}.Debug|Any CPU.ActiveCfg = Debug|Any CPU
		{D7A13C3B-661F-4C23-836A-5D9D1CBAACC4}.Debug|Any CPU.Build.0 = Debug|Any CPU
		{D7A13C3B-661F-4C23-836A-5D9D1CBAACC4}.Release|Any CPU.ActiveCfg = Release|Any CPU
		{D7A13C3B-661F-4C23-836A-5D9D1CBAACC4}.Release|Any CPU.Build.0 = Release|Any CPU
		{594B62F0-9097-4FBF-9DA0-8EE7DF036BF8}.Debug|Any CPU.ActiveCfg = Debug|Any CPU
		{594B62F0-9097-4FBF-9DA0-8EE7DF036BF8}.Debug|Any CPU.Build.0 = Debug|Any CPU
		{594B62F0-9097-4FBF-9DA0-8EE7DF036BF8}.Release|Any CPU.ActiveCfg = Release|Any CPU
		{594B62F0-9097-4FBF-9DA0-8EE7DF036BF8}.Release|Any CPU.Build.0 = Release|Any CPU
		{E1612AAB-6794-4171-9C6F-C1B422C19B7B}.Debug|Any CPU.ActiveCfg = Debug|Any CPU
		{E1612AAB-6794-4171-9C6F-C1B422C19B7B}.Debug|Any CPU.Build.0 = Debug|Any CPU
		{E1612AAB-6794-4171-9C6F-C1B422C19B7B}.Release|Any CPU.ActiveCfg = Release|Any CPU
		{E1612AAB-6794-4171-9C6F-C1B422C19B7B}.Release|Any CPU.Build.0 = Release|Any CPU
		{F8D96068-0ADA-4689-BE0B-CF7122742315}.Debug|Any CPU.ActiveCfg = Debug|Any CPU
		{F8D96068-0ADA-4689-BE0B-CF7122742315}.Debug|Any CPU.Build.0 = Debug|Any CPU
		{F8D96068-0ADA-4689-BE0B-CF7122742315}.Release|Any CPU.ActiveCfg = Release|Any CPU
		{F8D96068-0ADA-4689-BE0B-CF7122742315}.Release|Any CPU.Build.0 = Release|Any CPU
	EndGlobalSection
	GlobalSection(SolutionProperties) = preSolution
		HideSolutionNode = FALSE
	EndGlobalSection
	GlobalSection(NestedProjects) = preSolution
		{32B40E27-FE3F-4686-8FB6-BEDBE8DCD0ED} = {AE28D5D3-FAA3-4056-972A-D94E4307778F}
		{5293FF09-AAAD-43BB-9B0C-E809674F21B7} = {79E422FE-343A-44FC-8E65-FC71EC7B3DA5}
		{AC619A8A-7F05-47A1-9604-60C484B9B819} = {79E422FE-343A-44FC-8E65-FC71EC7B3DA5}
		{3851C57B-1E92-43BB-921E-0F467C2DDF9D} = {79E422FE-343A-44FC-8E65-FC71EC7B3DA5}
		{CF7AD537-E650-4C8A-B7A4-13B525FA0463} = {79E422FE-343A-44FC-8E65-FC71EC7B3DA5}
		{4F8B4171-4B9B-4999-9089-5F49B14892C1} = {AC619A8A-7F05-47A1-9604-60C484B9B819}
		{ACC7D048-4858-4541-BCD2-32F1ED798420} = {AC619A8A-7F05-47A1-9604-60C484B9B819}
		{D7A13C3B-661F-4C23-836A-5D9D1CBAACC4} = {3851C57B-1E92-43BB-921E-0F467C2DDF9D}
		{594B62F0-9097-4FBF-9DA0-8EE7DF036BF8} = {AE28D5D3-FAA3-4056-972A-D94E4307778F}
		{E1612AAB-6794-4171-9C6F-C1B422C19B7B} = {5293FF09-AAAD-43BB-9B0C-E809674F21B7}
		{F8D96068-0ADA-4689-BE0B-CF7122742315} = {AE28D5D3-FAA3-4056-972A-D94E4307778F}
	EndGlobalSection
	GlobalSection(ExtensibilityGlobals) = postSolution
		SolutionGuid = {2BC0F87F-BDD3-465E-9C20-CEEC70173828}
	EndGlobalSection
EndGlobal
